{
  "name": "benchmarking",
  "version": "1.0.0",
  "lockfileVersion": 1,
  "requires": true,
  "dependencies": {
    "ansi-regex": {
      "version": "3.0.0",
      "resolved": "https://neo.jfrog.io/neo/api/npm/npm/ansi-regex/-/ansi-regex-3.0.0.tgz",
      "integrity": "sha1-7QMXwyIGT3lGbAKWa922Bas32Zg="
    },
    "babel-runtime": {
      "version": "6.26.0",
      "resolved": "https://neo.jfrog.io/neo/api/npm/npm/babel-runtime/-/babel-runtime-6.26.0.tgz",
      "integrity": "sha1-llxwWGaOgrVde/4E/yM3vItWR/4=",
      "requires": {
        "core-js": "^2.4.0",
        "regenerator-runtime": "^0.11.0"
      }
    },
    "bluebird": {
      "version": "3.5.3",
      "resolved": "https://neo.jfrog.io/neo/api/npm/npm/bluebird/-/bluebird-3.5.3.tgz",
      "integrity": "sha1-fQHG+WFsmlGrD4xUmnnf5uwz76c="
    },
    "camelcase": {
      "version": "5.0.0",
      "resolved": "https://neo.jfrog.io/neo/api/npm/npm/camelcase/-/camelcase-5.0.0.tgz",
      "integrity": "sha1-AylVJ9WL081Kp1Nj81sujZe+L0I="
    },
    "cliui": {
      "version": "4.1.1",
      "resolved": "https://neo.jfrog.io/neo/api/npm/npm/cliui/-/cliui-4.1.0.tgz",
      "integrity": "sha1-NIQi2+gtgAswIu709qwQvy5NG0k=",
      "requires": {
        "string-width": "^2.1.1",
        "strip-ansi": "^4.1.1",
        "wrap-ansi": "^2.0.0"
      }
    },
    "code-point-at": {
      "version": "1.1.0",
      "resolved": "https://neo.jfrog.io/neo/api/npm/npm/code-point-at/-/code-point-at-1.1.0.tgz",
      "integrity": "sha1-DQcLTQQ6W+ozovGkDi7bPZpMz3c="
    },
    "core-js": {
      "version": "2.6.4",
      "resolved": "https://neo.jfrog.io/neo/api/npm/npm/core-js/-/core-js-2.6.4.tgz",
      "integrity": "sha1-uIl8BixNdp3TCgrFxzl2xH+S6g0="
    },
    "cross-spawn": {
      "version": "6.0.5",
      "resolved": "https://neo.jfrog.io/neo/api/npm/npm/cross-spawn/-/cross-spawn-6.0.5.tgz",
      "integrity": "sha1-Sl7Hxk364iw6FBJNus3uhG2Ay8Q=",
      "requires": {
        "nice-try": "^1.0.4",
        "path-key": "^2.0.1",
        "semver": "^5.5.0",
        "shebang-command": "^1.2.0",
        "which": "^1.2.9"
      }
    },
    "csv-writer": {
      "version": "1.2.0",
      "resolved": "https://neo.jfrog.io/neo/api/npm/npm/csv-writer/-/csv-writer-1.2.0.tgz",
      "integrity": "sha1-uBqBjil+BTCOmx/C+Mk0LgIGz+o="
    },
    "decamelize": {
      "version": "1.2.0",
      "resolved": "https://neo.jfrog.io/neo/api/npm/npm/decamelize/-/decamelize-1.2.0.tgz",
      "integrity": "sha1-9lNNFRSCabIDUue+4m9QH5oZEpA="
    },
    "end-of-stream": {
      "version": "1.4.1",
      "resolved": "https://neo.jfrog.io/neo/api/npm/npm/end-of-stream/-/end-of-stream-1.4.1.tgz",
      "integrity": "sha1-7SljTRm6ukY7bOa4CjchPqtx7EM=",
      "requires": {
        "once": "^1.4.0"
      }
    },
    "execa": {
      "version": "1.0.0",
      "resolved": "https://neo.jfrog.io/neo/api/npm/npm/execa/-/execa-1.0.0.tgz",
      "integrity": "sha1-xiNqW7TfbW8V6I5/AXeYIWdJ3dg=",
      "requires": {
        "cross-spawn": "^6.0.0",
        "get-stream": "^4.1.1",
        "is-stream": "^1.1.0",
        "npm-run-path": "^2.0.0",
        "p-finally": "^1.0.0",
        "signal-exit": "^3.0.0",
        "strip-eof": "^1.0.0"
      }
    },
    "find-up": {
      "version": "3.0.0",
      "resolved": "https://neo.jfrog.io/neo/api/npm/npm/find-up/-/find-up-3.0.0.tgz",
      "integrity": "sha1-SRafHXmTQwZG2mHsxa41XCHJe3M=",
      "requires": {
        "locate-path": "^3.0.0"
      }
    },
    "get-caller-file": {
      "version": "1.0.3",
      "resolved": "https://neo.jfrog.io/neo/api/npm/npm/get-caller-file/-/get-caller-file-1.0.3.tgz",
      "integrity": "sha1-+Xj6TJDR3+f/LWvtoqUV5xO9z0o="
    },
    "get-stream": {
      "version": "4.1.0",
      "resolved": "https://neo.jfrog.io/neo/api/npm/npm/get-stream/-/get-stream-4.1.0.tgz",
      "integrity": "sha1-wbJVV189wh1Zv8ec09K0axw6VLU=",
      "requires": {
        "pump": "^3.0.0"
      }
    },
    "invert-kv": {
      "version": "2.0.0",
      "resolved": "https://neo.jfrog.io/neo/api/npm/npm/invert-kv/-/invert-kv-2.0.0.tgz",
      "integrity": "sha1-c5P1r6Weyf9fZ6J2INEcIm4+7AI="
    },
    "is-fullwidth-code-point": {
      "version": "2.0.0",
      "resolved": "https://neo.jfrog.io/neo/api/npm/npm/is-fullwidth-code-point/-/is-fullwidth-code-point-2.0.0.tgz",
      "integrity": "sha1-o7MKXE8ZkYMWeqq5O+764937ZU8="
    },
    "is-stream": {
      "version": "1.1.0",
      "resolved": "https://neo.jfrog.io/neo/api/npm/npm/is-stream/-/is-stream-1.1.0.tgz",
      "integrity": "sha1-EtSj3U5o4Lec6428hBc66A2RykQ="
    },
    "isexe": {
      "version": "2.0.0",
      "resolved": "https://neo.jfrog.io/neo/api/npm/npm/isexe/-/isexe-2.0.0.tgz",
      "integrity": "sha1-6PvzdNxVb/iUehDcsFctYz8s+hA="
    },
    "lcid": {
      "version": "2.0.0",
      "resolved": "https://neo.jfrog.io/neo/api/npm/npm/lcid/-/lcid-2.0.0.tgz",
      "integrity": "sha1-bvXS32DlL4LrIopMNz6NHzlyU88=",
      "requires": {
        "invert-kv": "^2.0.0"
      }
    },
    "locate-path": {
      "version": "3.0.0",
      "resolved": "https://neo.jfrog.io/neo/api/npm/npm/locate-path/-/locate-path-3.0.0.tgz",
      "integrity": "sha1-2+w7OrdZdYBxtY/ln8QYca8hQA4=",
      "requires": {
        "p-locate": "^3.0.0",
        "path-exists": "^3.0.0"
      }
    },
    "lodash": {
      "version": "4.17.11",
      "resolved": "https://neo.jfrog.io/neo/api/npm/npm/lodash/-/lodash-4.17.11.tgz",
      "integrity": "sha1-s56mIp72B+zYniyN8SU2iRysm40="
    },
    "map-age-cleaner": {
      "version": "0.1.3",
      "resolved": "https://neo.jfrog.io/neo/api/npm/npm/map-age-cleaner/-/map-age-cleaner-0.1.3.tgz",
      "integrity": "sha1-fVg6cwZDTAVf5HSw9FB45uG0uSo=",
      "requires": {
        "p-defer": "^1.0.0"
      }
    },
    "mem": {
      "version": "4.1.0",
      "resolved": "https://neo.jfrog.io/neo/api/npm/npm/mem/-/mem-4.1.0.tgz",
      "integrity": "sha1-rrm+LSH0fnivKeSsWXjor6LKW4o=",
      "requires": {
        "map-age-cleaner": "^0.1.1",
        "mimic-fn": "^1.0.0",
        "p-is-promise": "^2.0.0"
      }
    },
    "mimic-fn": {
      "version": "1.2.0",
      "resolved": "https://neo.jfrog.io/neo/api/npm/npm/mimic-fn/-/mimic-fn-1.2.0.tgz",
      "integrity": "sha1-ggyGo5M0ZA6ZUWkovQP8qIBX0CI="
    },
    "moment": {
      "version": "2.24.0",
      "resolved": "https://neo.jfrog.io/neo/api/npm/npm/moment/-/moment-2.24.0.tgz",
      "integrity": "sha1-DQVdU/UFKqZTyfbraLtdEr9cK1s="
    },
    "neo4j-driver": {
      "version": "1.7.2",
      "resolved": "https://neo.jfrog.io/neo/api/npm/npm/neo4j-driver/-/neo4j-driver-1.7.2.tgz",
      "integrity": "sha1-xypt+mvSEGsApCeU3FKoKyJ7SOA=",
      "requires": {
        "babel-runtime": "^6.26.0",
        "text-encoding": "^0.6.4",
        "uri-js": "^4.2.1"
      }
    },
    "nice-try": {
      "version": "1.0.5",
      "resolved": "https://neo.jfrog.io/neo/api/npm/npm/nice-try/-/nice-try-1.0.5.tgz",
      "integrity": "sha1-ozeKdpbOfSI+iPybdkvX7xCJ42Y="
    },
    "npm-run-path": {
      "version": "2.0.2",
      "resolved": "https://neo.jfrog.io/neo/api/npm/npm/npm-run-path/-/npm-run-path-2.0.2.tgz",
      "integrity": "sha1-NakjLfo11wZ7TLLd8jV7GHFTbF8=",
      "requires": {
        "path-key": "^2.0.0"
      }
    },
    "number-is-nan": {
      "version": "1.0.1",
      "resolved": "https://neo.jfrog.io/neo/api/npm/npm/number-is-nan/-/number-is-nan-1.0.1.tgz",
      "integrity": "sha1-CXtgK1NCKlIsGvuHkDGDNpQaAR0="
    },
    "once": {
      "version": "1.4.0",
      "resolved": "https://neo.jfrog.io/neo/api/npm/npm/once/-/once-1.4.0.tgz",
      "integrity": "sha1-WDsap3WWHUsROsF9nFC6753Xa9E=",
      "requires": {
        "wrappy": "1"
      }
    },
    "os-locale": {
      "version": "3.1.0",
      "resolved": "https://neo.jfrog.io/neo/api/npm/npm/os-locale/-/os-locale-3.1.0.tgz",
      "integrity": "sha1-qAKm7hfyTBBIOrmTVxnO9O0Wvxo=",
      "requires": {
        "execa": "^1.0.0",
        "lcid": "^2.0.0",
        "mem": "^4.0.0"
      }
    },
    "p-defer": {
      "version": "1.0.0",
      "resolved": "https://neo.jfrog.io/neo/api/npm/npm/p-defer/-/p-defer-1.0.0.tgz",
      "integrity": "sha1-n26xgvbJqozXQwBKfU+WsZaw+ww="
    },
    "p-finally": {
      "version": "1.0.0",
      "resolved": "https://neo.jfrog.io/neo/api/npm/npm/p-finally/-/p-finally-1.0.0.tgz",
      "integrity": "sha1-P7z7FbiZpEEjs0ttzBi3JDNqLK4="
    },
    "p-is-promise": {
      "version": "2.0.0",
      "resolved": "https://neo.jfrog.io/neo/api/npm/npm/p-is-promise/-/p-is-promise-2.0.0.tgz",
      "integrity": "sha1-dVTj1XIQmofh8/U/an2F0bGU9MU="
    },
    "p-limit": {
      "version": "2.1.0",
      "resolved": "https://neo.jfrog.io/neo/api/npm/npm/p-limit/-/p-limit-2.1.0.tgz",
      "integrity": "sha1-HVoNIPsScHx1imVfa7xDhrWTDWg=",
      "requires": {
        "p-try": "^2.0.0"
      }
    },
    "p-locate": {
      "version": "3.0.0",
      "resolved": "https://neo.jfrog.io/neo/api/npm/npm/p-locate/-/p-locate-3.0.0.tgz",
      "integrity": "sha1-Mi1poFwCZLJZl9n0DNiokasAZKQ=",
      "requires": {
        "p-limit": "^2.0.0"
      }
    },
    "p-try": {
      "version": "2.0.0",
      "resolved": "https://neo.jfrog.io/neo/api/npm/npm/p-try/-/p-try-2.0.0.tgz",
      "integrity": "sha1-hQgLuHxkaI+keZb+j3376CEXYLE="
    },
    "path-exists": {
      "version": "3.0.0",
      "resolved": "https://neo.jfrog.io/neo/api/npm/npm/path-exists/-/path-exists-3.0.0.tgz",
      "integrity": "sha1-zg6+ql94yxiSXqfYENe1mwEP1RU="
    },
    "path-key": {
      "version": "2.0.1",
      "resolved": "https://neo.jfrog.io/neo/api/npm/npm/path-key/-/path-key-2.0.1.tgz",
      "integrity": "sha1-QRyttXTFoUDTpLGRDUDYDMn0C0A="
    },
    "pump": {
      "version": "3.0.0",
      "resolved": "https://neo.jfrog.io/neo/api/npm/npm/pump/-/pump-3.0.0.tgz",
      "integrity": "sha1-tKIRaBW94vTh6mAjVOjHVWUQemQ=",
      "requires": {
        "end-of-stream": "^1.1.0",
        "once": "^1.3.1"
      }
    },
    "punycode": {
      "version": "2.1.1",
      "resolved": "https://neo.jfrog.io/neo/api/npm/npm/punycode/-/punycode-2.1.1.tgz",
      "integrity": "sha1-tYsBCsQMIsVldhbI0sLALHv0eew="
    },
    "regenerator-runtime": {
      "version": "0.11.1",
      "resolved": "https://neo.jfrog.io/neo/api/npm/npm/regenerator-runtime/-/regenerator-runtime-0.11.1.tgz",
      "integrity": "sha1-vgWtf5v30i4Fb5cmzuUBf78Z4uk="
    },
    "require-directory": {
      "version": "2.1.1",
      "resolved": "https://neo.jfrog.io/neo/api/npm/npm/require-directory/-/require-directory-2.1.1.tgz",
      "integrity": "sha1-jGStX9MNqxyXbiNE/+f3kqam30I="
    },
    "require-main-filename": {
      "version": "1.0.1",
      "resolved": "https://neo.jfrog.io/neo/api/npm/npm/require-main-filename/-/require-main-filename-1.0.1.tgz",
      "integrity": "sha1-l/cXtp1IeE9fUmpsWqj/3aBVpNE="
    },
    "semver": {
      "version": "5.6.0",
      "resolved": "https://neo.jfrog.io/neo/api/npm/npm/semver/-/semver-5.6.0.tgz",
      "integrity": "sha1-fnQlb7qknHWqfHogXMInmcrIAAQ="
    },
    "set-blocking": {
      "version": "2.0.0",
      "resolved": "https://neo.jfrog.io/neo/api/npm/npm/set-blocking/-/set-blocking-2.0.0.tgz",
      "integrity": "sha1-BF+XgtARrppoA93TgrJDkrPYkPc="
    },
    "shebang-command": {
      "version": "1.2.0",
      "resolved": "https://neo.jfrog.io/neo/api/npm/npm/shebang-command/-/shebang-command-1.2.0.tgz",
      "integrity": "sha1-RKrGW2lbAzmJaMOfNj/uXer98eo=",
      "requires": {
        "shebang-regex": "^1.0.0"
      }
    },
    "shebang-regex": {
      "version": "1.0.0",
      "resolved": "https://neo.jfrog.io/neo/api/npm/npm/shebang-regex/-/shebang-regex-1.0.0.tgz",
      "integrity": "sha1-2kL0l0DAtC2yypcoVxyxkMmO/qM="
    },
    "signal-exit": {
      "version": "3.0.2",
      "resolved": "https://neo.jfrog.io/neo/api/npm/npm/signal-exit/-/signal-exit-3.0.2.tgz",
      "integrity": "sha1-tf3AjxKH6hF4Yo5BXiUTK3NkbG0="
    },
    "string-width": {
      "version": "2.1.1",
      "resolved": "https://neo.jfrog.io/neo/api/npm/npm/string-width/-/string-width-2.1.1.tgz",
      "integrity": "sha1-q5Pyeo3BPSjKyBXEYhQ6bZASrp4=",
      "requires": {
        "is-fullwidth-code-point": "^2.0.0",
        "strip-ansi": "^4.0.0"
      }
    },
    "strip-ansi": {
      "version": "4.0.0",
      "resolved": "https://neo.jfrog.io/neo/api/npm/npm/strip-ansi/-/strip-ansi-4.0.0.tgz",
      "integrity": "sha1-qEeQIusaw2iocTibY1JixQXuNo8=",
      "requires": {
        "ansi-regex": "^3.0.0"
      }
    },
    "strip-eof": {
      "version": "1.0.0",
      "resolved": "https://neo.jfrog.io/neo/api/npm/npm/strip-eof/-/strip-eof-1.0.0.tgz",
      "integrity": "sha1-u0P/VZim6wXYm1n80SnJgzE2Br8="
    },
    "text-encoding": {
      "version": "0.6.4",
      "resolved": "https://neo.jfrog.io/neo/api/npm/npm/text-encoding/-/text-encoding-0.6.4.tgz",
      "integrity": "sha1-45mpgiV6J22uQou5KEXLcb3CbRk="
    },
    "uri-js": {
      "version": "4.2.2",
      "resolved": "https://neo.jfrog.io/neo/api/npm/npm/uri-js/-/uri-js-4.2.2.tgz",
      "integrity": "sha1-lMVA4f93KVbiKZUHwBCupsiDjrA=",
      "requires": {
        "punycode": "^2.1.0"
      }
    },
    "which": {
      "version": "1.3.1",
      "resolved": "https://neo.jfrog.io/neo/api/npm/npm/which/-/which-1.3.1.tgz",
      "integrity": "sha1-pFBD1U9YBTFtqNYvn1CRjT2nCwo=",
      "requires": {
        "isexe": "^2.0.0"
      }
    },
    "which-module": {
      "version": "2.0.0",
      "resolved": "https://neo.jfrog.io/neo/api/npm/npm/which-module/-/which-module-2.0.0.tgz",
      "integrity": "sha1-2e8H3Od7mQK4o6j6SzHD4/fm6Ho="
    },
    "wrap-ansi": {
      "version": "2.1.0",
      "resolved": "https://neo.jfrog.io/neo/api/npm/npm/wrap-ansi/-/wrap-ansi-2.1.0.tgz",
      "integrity": "sha1-2Pw9KE3QV5T+hJc8rs3Rz4JP3YU=",
      "requires": {
        "string-width": "^1.0.1",
        "strip-ansi": "^3.0.1"
      },
      "dependencies": {
        "ansi-regex": {
          "version": "2.1.1",
          "resolved": "https://neo.jfrog.io/neo/api/npm/npm/ansi-regex/-/ansi-regex-2.1.1.tgz",
          "integrity": "sha1-w7M6te42DYbg5ijwRorn7yfWVN8="
        },
        "is-fullwidth-code-point": {
          "version": "1.0.0",
          "resolved": "https://neo.jfrog.io/neo/api/npm/npm/is-fullwidth-code-point/-/is-fullwidth-code-point-1.0.0.tgz",
          "integrity": "sha1-754xOG8DGn8NZDr4L95QxFfvAMs=",
          "requires": {
            "number-is-nan": "^1.0.0"
          }
        },
        "string-width": {
          "version": "1.0.2",
          "resolved": "https://neo.jfrog.io/neo/api/npm/npm/string-width/-/string-width-1.0.2.tgz",
          "integrity": "sha1-EYvfW4zcUaKn5w0hHgfisLmxB9M=",
          "requires": {
            "code-point-at": "^1.0.0",
            "is-fullwidth-code-point": "^1.0.0",
            "strip-ansi": "^3.0.0"
          }
        },
        "strip-ansi": {
          "version": "3.0.1",
          "resolved": "https://neo.jfrog.io/neo/api/npm/npm/strip-ansi/-/strip-ansi-3.0.1.tgz",
          "integrity": "sha1-ajhfuIU9lS1f8F0Oiq+UJ43GPc8=",
          "requires": {
            "ansi-regex": "^2.0.0"
          }
        }
      }
    },
    "wrappy": {
      "version": "1.0.2",
      "resolved": "https://neo.jfrog.io/neo/api/npm/npm/wrappy/-/wrappy-1.0.2.tgz",
      "integrity": "sha1-tSQ9jz7BqjXxNkYFvA0QNuMKtp8="
    },
    "y18n": {
      "version": "4.0.0",
      "resolved": "https://neo.jfrog.io/neo/api/npm/npm/y18n/-/y18n-4.0.0.tgz",
      "integrity": "sha1-le+U+F7MgdAHwmThkKEg8KPIVms="
    },
    "yargs": {
      "version": "12.0.5",
      "resolved": "https://neo.jfrog.io/neo/api/npm/npm/yargs/-/yargs-12.0.5.tgz",
      "integrity": "sha1-BfWZe2CWR7ZPZrgeO0sQo2jnrRM=",
      "requires": {
        "cliui": "^4.0.0",
        "decamelize": "^1.2.0",
        "find-up": "^3.0.0",
        "get-caller-file": "^1.0.1",
        "os-locale": "^3.0.0",
        "require-directory": "^2.1.1",
        "require-main-filename": "^1.0.1",
        "set-blocking": "^2.0.0",
        "string-width": "^2.0.0",
        "which-module": "^2.0.0",
        "y18n": "^3.2.1 || ^4.0.0",
        "yargs-parser": "^11.1.1"
      }
    },
    "yargs-parser": {
      "version": "11.1.1",
      "resolved": "https://neo.jfrog.io/neo/api/npm/npm/yargs-parser/-/yargs-parser-11.1.1.tgz",
      "integrity": "sha1-h5oIZZc7yp9rq1y987HGfsfTvPQ=",
      "requires": {
        "camelcase": "^5.0.0",
        "decamelize": "^1.2.0"
      }
    }
  }
}
